
Microsoft Visual Studio Solution File, Format Version 12.00
# Visual Studio 15
VisualStudioVersion = 15.0.28307.421
MinimumVisualStudioVersion = 10.0.40219.1
Project("{FAE04EC0-301F-11D3-BF4B-00C04F79EFBC}") = "EmployeeWebAPI", "EmployeeWebAPI\EmployeeWebAPI.csproj", "{F2334477-6D18-42D7-BD9A-A697FACA1910}"
EndProject
Project("{FAE04EC0-301F-11D3-BF4B-00C04F79EFBC}") = "EmployeeWebAPI.Tests", "EmployeeWebAPI.Tests\EmployeeWebAPI.Tests.csproj", "{62CFA82F-3561-461C-AAF9-9283536636BE}"
EndProject
Global
	GlobalSection(SolutionConfigurationPlatforms) = preSolution
		Debug|Any CPU = Debug|Any CPU
		Release|Any CPU = Release|Any CPU
	EndGlobalSection
	GlobalSection(ProjectConfigurationPlatforms) = postSolution
		{F2334477-6D18-42D7-BD9A-A697FACA1910}.Debug|Any CPU.ActiveCfg = Debug|Any CPU
		{F2334477-6D18-42D7-BD9A-A697FACA1910}.Debug|Any CPU.Build.0 = Debug|Any CPU
		{F2334477-6D18-42D7-BD9A-A697FACA1910}.Release|Any CPU.ActiveCfg = Release|Any CPU
		{F2334477-6D18-42D7-BD9A-A697FACA1910}.Release|Any CPU.Build.0 = Release|Any CPU
		{62CFA82F-3561-461C-AAF9-9283536636BE}.Debug|Any CPU.ActiveCfg = Debug|Any CPU
		{62CFA82F-3561-461C-AAF9-9283536636BE}.Debug|Any CPU.Build.0 = Debug|Any CPU
		{62CFA82F-3561-461C-AAF9-9283536636BE}.Release|Any CPU.ActiveCfg = Release|Any CPU
		{62CFA82F-3561-461C-AAF9-9283536636BE}.Release|Any CPU.Build.0 = Release|Any CPU
	EndGlobalSection
	GlobalSection(SolutionProperties) = preSolution
		HideSolutionNode = FALSE
	EndGlobalSection
	GlobalSection(ExtensibilityGlobals) = postSolution
		SolutionGuid = {A7073C4B-6199-4B1D-AB94-A188F535025C}
	EndGlobalSection
EndGlobal
